
Microsoft Visual Studio Solution File, Format Version 11.00
# Visual Studio 2010
Project("{FAE04EC0-301F-11D3-BF4B-00C04F79EFBC}") = "4", "4\4.csproj", "{56E7C381-2F43-4689-AEEF-B511CBACA6E2}"
EndProject
Global
	GlobalSection(SolutionConfigurationPlatforms) = preSolution
		Debug|x86 = Debug|x86
		Release|x86 = Release|x86
	EndGlobalSection
	GlobalSection(ProjectConfigurationPlatforms) = postSolution
		{56E7C381-2F43-4689-AEEF-B511CBACA6E2}.Debug|x86.ActiveCfg = Debug|x86
		{56E7C381-2F43-4689-AEEF-B511CBACA6E2}.Debug|x86.Build.0 = Debug|x86
		{56E7C381-2F43-4689-AEEF-B511CBACA6E2}.Release|x86.ActiveCfg = Release|x86
		{56E7C381-2F43-4689-AEEF-B511CBACA6E2}.Release|x86.Build.0 = Release|x86
	EndGlobalSection
	GlobalSection(SolutionProperties) = preSolution
		HideSolutionNode = FALSE
	EndGlobalSection
EndGlobal
